
Microsoft Visual Studio Solution File, Format Version 12.00
# Visual Studio Version 16
VisualStudioVersion = 16.0.32106.194
MinimumVisualStudioVersion = 10.0.40219.1
Project("{FAE04EC0-301F-11D3-BF4B-00C04F79EFBC}") = "WindowsServiceApplicationDemo", "WindowsServiceApplicationDemo\WindowsServiceApplicationDemo.csproj", "{5AAD0DB0-4048-40A2-AD43-5BCDF581DB7E}"
EndProject
Global
	GlobalSection(SolutionConfigurationPlatforms) = preSolution
		Debug|Any CPU = Debug|Any CPU
		Release|Any CPU = Release|Any CPU
	EndGlobalSection
	GlobalSection(ProjectConfigurationPlatforms) = postSolution
		{5AAD0DB0-4048-40A2-AD43-5BCDF581DB7E}.Debug|Any CPU.ActiveCfg = Debug|Any CPU
		{5AAD0DB0-4048-40A2-AD43-5BCDF581DB7E}.Debug|Any CPU.Build.0 = Debug|Any CPU
		{5AAD0DB0-4048-40A2-AD43-5BCDF581DB7E}.Release|Any CPU.ActiveCfg = Release|Any CPU
		{5AAD0DB0-4048-40A2-AD43-5BCDF581DB7E}.Release|Any CPU.Build.0 = Release|Any CPU
	EndGlobalSection
	GlobalSection(SolutionProperties) = preSolution
		HideSolutionNode = FALSE
	EndGlobalSection
	GlobalSection(ExtensibilityGlobals) = postSolution
		SolutionGuid = {50EEDC4E-7AEF-4CCA-81A7-3FB3FEAAA014}
	EndGlobalSection
EndGlobal
